
Microsoft Visual Studio Solution File, Format Version 11.00
# Visual Studio 2010
Project("{FAE04EC0-301F-11D3-BF4B-00C04F79EFBC}") = "Assembly-CSharp", "Assembly-CSharp.csproj", "{424429D2-10E4-A8E5-2BCC-98A01F22FD16}"
EndProject
Project("{FAE04EC0-301F-11D3-BF4B-00C04F79EFBC}") = "Assembly-CSharp-Editor", "Assembly-CSharp-Editor.csproj", "{C9199894-D2E7-6FB1-3B9C-D70212DEBF6E}"
EndProject
Global
	GlobalSection(SolutionConfigurationPlatforms) = preSolution
		Debug|Any CPU = Debug|Any CPU
		Release|Any CPU = Release|Any CPU
	EndGlobalSection
	GlobalSection(ProjectConfigurationPlatforms) = postSolution
		{424429D2-10E4-A8E5-2BCC-98A01F22FD16}.Debug|Any CPU.ActiveCfg = Debug|Any CPU
		{424429D2-10E4-A8E5-2BCC-98A01F22FD16}.Debug|Any CPU.Build.0 = Debug|Any CPU
		{424429D2-10E4-A8E5-2BCC-98A01F22FD16}.Release|Any CPU.ActiveCfg = Release|Any CPU
		{424429D2-10E4-A8E5-2BCC-98A01F22FD16}.Release|Any CPU.Build.0 = Release|Any CPU
		{C9199894-D2E7-6FB1-3B9C-D70212DEBF6E}.Debug|Any CPU.ActiveCfg = Debug|Any CPU
		{C9199894-D2E7-6FB1-3B9C-D70212DEBF6E}.Debug|Any CPU.Build.0 = Debug|Any CPU
		{C9199894-D2E7-6FB1-3B9C-D70212DEBF6E}.Release|Any CPU.ActiveCfg = Release|Any CPU
		{C9199894-D2E7-6FB1-3B9C-D70212DEBF6E}.Release|Any CPU.Build.0 = Release|Any CPU
	EndGlobalSection
	GlobalSection(SolutionProperties) = preSolution
		HideSolutionNode = FALSE
	EndGlobalSection
	GlobalSection(MonoDevelopProperties) = preSolution
		StartupItem = Assembly-CSharp.csproj
	EndGlobalSection
EndGlobal
